
Microsoft Visual Studio Solution File, Format Version 12.00
# Visual Studio 2012
Project("{FAE04EC0-301F-11D3-BF4B-00C04F79EFBC}") = "ecolect", "ecolect\ecolect.csproj", "{BB4FEDD9-FD9A-4DA7-B9B4-2DD12D5185A3}"
EndProject
Project("{FAE04EC0-301F-11D3-BF4B-00C04F79EFBC}") = "ecolect.BackEnd", "ecolect.BackEnd\ecolect.BackEnd.csproj", "{701E69AA-3253-459B-82CD-41A7C4A23CF2}"
EndProject
Global
	GlobalSection(SolutionConfigurationPlatforms) = preSolution
		Debug|Any CPU = Debug|Any CPU
		Release|Any CPU = Release|Any CPU
	EndGlobalSection
	GlobalSection(ProjectConfigurationPlatforms) = postSolution
		{BB4FEDD9-FD9A-4DA7-B9B4-2DD12D5185A3}.Debug|Any CPU.ActiveCfg = Debug|Any CPU
		{BB4FEDD9-FD9A-4DA7-B9B4-2DD12D5185A3}.Debug|Any CPU.Build.0 = Debug|Any CPU
		{BB4FEDD9-FD9A-4DA7-B9B4-2DD12D5185A3}.Release|Any CPU.ActiveCfg = Release|Any CPU
		{BB4FEDD9-FD9A-4DA7-B9B4-2DD12D5185A3}.Release|Any CPU.Build.0 = Release|Any CPU
		{701E69AA-3253-459B-82CD-41A7C4A23CF2}.Debug|Any CPU.ActiveCfg = Debug|Any CPU
		{701E69AA-3253-459B-82CD-41A7C4A23CF2}.Debug|Any CPU.Build.0 = Debug|Any CPU
		{701E69AA-3253-459B-82CD-41A7C4A23CF2}.Release|Any CPU.ActiveCfg = Release|Any CPU
		{701E69AA-3253-459B-82CD-41A7C4A23CF2}.Release|Any CPU.Build.0 = Release|Any CPU
	EndGlobalSection
	GlobalSection(SolutionProperties) = preSolution
		HideSolutionNode = FALSE
	EndGlobalSection
EndGlobal
